
Microsoft Visual Studio Solution File, Format Version 12.00
# Visual Studio Version 17
VisualStudioVersion = 17.4.33213.308
MinimumVisualStudioVersion = 10.0.40219.1
Project("{FAE04EC0-301F-11D3-BF4B-00C04F79EFBC}") = "aula22.2", "aula22.2.csproj", "{DF779A2A-1364-4D24-A054-2C11B3E41A13}"
EndProject
Global
	GlobalSection(SolutionConfigurationPlatforms) = preSolution
		Debug|Any CPU = Debug|Any CPU
		Release|Any CPU = Release|Any CPU
	EndGlobalSection
	GlobalSection(ProjectConfigurationPlatforms) = postSolution
		{DF779A2A-1364-4D24-A054-2C11B3E41A13}.Debug|Any CPU.ActiveCfg = Debug|Any CPU
		{DF779A2A-1364-4D24-A054-2C11B3E41A13}.Debug|Any CPU.Build.0 = Debug|Any CPU
		{DF779A2A-1364-4D24-A054-2C11B3E41A13}.Release|Any CPU.ActiveCfg = Release|Any CPU
		{DF779A2A-1364-4D24-A054-2C11B3E41A13}.Release|Any CPU.Build.0 = Release|Any CPU
	EndGlobalSection
	GlobalSection(SolutionProperties) = preSolution
		HideSolutionNode = FALSE
	EndGlobalSection
	GlobalSection(ExtensibilityGlobals) = postSolution
		SolutionGuid = {D99C59AF-AB6A-414D-926F-343DBEDAC86E}
	EndGlobalSection
EndGlobal
